# @generated by Move, please check-in and do not edit manually.

[move]
version = 3
manifest_digest = "48F997759C0D4F8B846E210541A04AEFB70A863D565C696AADD3E183B66B1BCD"
deps_digest = "F8BBB0CCB2491CA29A3DF03D6F92277A4F3574266507ACD77214D37ECA3F3082"
dependencies = [
  { id = "Sui", name = "Sui" },
]

[[move.package]]
id = "MoveStdlib"
source = { git = "https://github.com/MystenLabs/sui.git", rev = "testnet", subdir = "crates/sui-framework/packages/move-stdlib" }

[[move.package]]
id = "Sui"
source = { git = "https://github.com/MystenLabs/sui.git", rev = "testnet", subdir = "crates/sui-framework/packages/sui-framework" }

dependencies = [
  { id = "MoveStdlib", name = "MoveStdlib" },
]

[move.toolchain-version]
compiler-version = "1.46.0"
edition = "2024"
flavor = "sui"

[env]

[env.localnet]
chain-id = "22a93303"
original-published-id = "0xb136bdf9cd0435b8065ecd9dda0bc295ff0c1603f3f37451d5822175aa252ce8"
latest-published-id = "0xb136bdf9cd0435b8065ecd9dda0bc295ff0c1603f3f37451d5822175aa252ce8"
published-version = "1"
